
Microsoft Visual Studio Solution File, Format Version 12.00
# Visual Studio Version 17
VisualStudioVersion = 17.8.34511.84
MinimumVisualStudioVersion = 10.0.40219.1
Project("{39E2626F-3545-4960-A6E8-258AD8476CE5}") = "Android1", "Android1\Android1.androidproj", "{2A4DDE8C-8BE8-4567-A6EA-51D9B284579B}"
EndProject
Global
	GlobalSection(SolutionConfigurationPlatforms) = preSolution
		Debug|ARM = Debug|ARM
		Debug|ARM64 = Debug|ARM64
		Debug|x64 = Debug|x64
		Debug|x86 = Debug|x86
		Release|ARM = Release|ARM
		Release|ARM64 = Release|ARM64
		Release|x64 = Release|x64
		Release|x86 = Release|x86
	EndGlobalSection
	GlobalSection(ProjectConfigurationPlatforms) = postSolution
		{2A4DDE8C-8BE8-4567-A6EA-51D9B284579B}.Debug|ARM.ActiveCfg = Debug|ARM
		{2A4DDE8C-8BE8-4567-A6EA-51D9B284579B}.Debug|ARM.Build.0 = Debug|ARM
		{2A4DDE8C-8BE8-4567-A6EA-51D9B284579B}.Debug|ARM.Deploy.0 = Debug|ARM
		{2A4DDE8C-8BE8-4567-A6EA-51D9B284579B}.Debug|ARM64.ActiveCfg = Debug|ARM64
		{2A4DDE8C-8BE8-4567-A6EA-51D9B284579B}.Debug|ARM64.Build.0 = Debug|ARM64
		{2A4DDE8C-8BE8-4567-A6EA-51D9B284579B}.Debug|ARM64.Deploy.0 = Debug|ARM64
		{2A4DDE8C-8BE8-4567-A6EA-51D9B284579B}.Debug|x64.ActiveCfg = Debug|x64
		{2A4DDE8C-8BE8-4567-A6EA-51D9B284579B}.Debug|x64.Build.0 = Debug|x64
		{2A4DDE8C-8BE8-4567-A6EA-51D9B284579B}.Debug|x64.Deploy.0 = Debug|x64
		{2A4DDE8C-8BE8-4567-A6EA-51D9B284579B}.Debug|x86.ActiveCfg = Debug|x86
		{2A4DDE8C-8BE8-4567-A6EA-51D9B284579B}.Debug|x86.Build.0 = Debug|x86
		{2A4DDE8C-8BE8-4567-A6EA-51D9B284579B}.Debug|x86.Deploy.0 = Debug|x86
		{2A4DDE8C-8BE8-4567-A6EA-51D9B284579B}.Release|ARM.ActiveCfg = Release|ARM
		{2A4DDE8C-8BE8-4567-A6EA-51D9B284579B}.Release|ARM.Build.0 = Release|ARM
		{2A4DDE8C-8BE8-4567-A6EA-51D9B284579B}.Release|ARM.Deploy.0 = Release|ARM
		{2A4DDE8C-8BE8-4567-A6EA-51D9B284579B}.Release|ARM64.ActiveCfg = Release|ARM64
		{2A4DDE8C-8BE8-4567-A6EA-51D9B284579B}.Release|ARM64.Build.0 = Release|ARM64
		{2A4DDE8C-8BE8-4567-A6EA-51D9B284579B}.Release|ARM64.Deploy.0 = Release|ARM64
		{2A4DDE8C-8BE8-4567-A6EA-51D9B284579B}.Release|x64.ActiveCfg = Release|x64
		{2A4DDE8C-8BE8-4567-A6EA-51D9B284579B}.Release|x64.Build.0 = Release|x64
		{2A4DDE8C-8BE8-4567-A6EA-51D9B284579B}.Release|x64.Deploy.0 = Release|x64
		{2A4DDE8C-8BE8-4567-A6EA-51D9B284579B}.Release|x86.ActiveCfg = Release|x86
		{2A4DDE8C-8BE8-4567-A6EA-51D9B284579B}.Release|x86.Build.0 = Release|x86
		{2A4DDE8C-8BE8-4567-A6EA-51D9B284579B}.Release|x86.Deploy.0 = Release|x86
	EndGlobalSection
	GlobalSection(SolutionProperties) = preSolution
		HideSolutionNode = FALSE
	EndGlobalSection
	GlobalSection(ExtensibilityGlobals) = postSolution
		SolutionGuid = {6279EF8E-98F1-431B-A8C2-8AD204489533}
	EndGlobalSection
EndGlobal
